
Microsoft Visual Studio Solution File, Format Version 12.00
# Visual Studio Version 17
VisualStudioVersion = 17.14.37203.1
MinimumVisualStudioVersion = 10.0.40219.1
Project("{FAE04EC0-301F-11D3-BF4B-00C04F79EFBC}") = "HospitalRegistrationSystem", "HospitalRegistrationSystem\HospitalRegistrationSystem.csproj", "{02A84B6A-8BFD-47F9-9C33-F6C8114E1A21}"
EndProject
Global
	GlobalSection(SolutionConfigurationPlatforms) = preSolution
		Debug|Any CPU = Debug|Any CPU
		Release|Any CPU = Release|Any CPU
	EndGlobalSection
	GlobalSection(ProjectConfigurationPlatforms) = postSolution
		{02A84B6A-8BFD-47F9-9C33-F6C8114E1A21}.Debug|Any CPU.ActiveCfg = Debug|Any CPU
		{02A84B6A-8BFD-47F9-9C33-F6C8114E1A21}.Debug|Any CPU.Build.0 = Debug|Any CPU
		{02A84B6A-8BFD-47F9-9C33-F6C8114E1A21}.Release|Any CPU.ActiveCfg = Release|Any CPU
		{02A84B6A-8BFD-47F9-9C33-F6C8114E1A21}.Release|Any CPU.Build.0 = Release|Any CPU
	EndGlobalSection
	GlobalSection(SolutionProperties) = preSolution
		HideSolutionNode = FALSE
	EndGlobalSection
	GlobalSection(ExtensibilityGlobals) = postSolution
		SolutionGuid = {EE5694A9-918F-4B76-AF5D-4E46D15FBDAB}
	EndGlobalSection
EndGlobal
